<?xml version="1.0" encoding="utf-8"?>
<Project ToolsVersion="4.0" xmlns="http://schemas.microsoft.com/developer/msbuild/2003">
  <ItemGroup>
    <Filter Include="源文件">
      <UniqueIdentifier>{4FC737F1-C7A5-4376-A066-2A32D752A2FF}</UniqueIdentifier>
      <Extensions>cpp;c;cc;cxx;def;odl;idl;hpj;bat;asm;asmx</Extensions>
    </Filter>
    <Filter Include="头文件">
      <UniqueIdentifier>{93995380-89BD-4b04-88EB-625FBE52EBFB}</UniqueIdentifier>
      <Extensions>h;hh;hpp;hxx;hm;inl;inc;ipp;xsd</Extensions>
    </Filter>
    <Filter Include="资源文件">
      <UniqueIdentifier>{67DA6AB6-F800-4c08-8B7A-83BB121AAD01}</UniqueIdentifier>
      <Extensions>rc;ico;cur;bmp;dlg;rc2;rct;bin;rgs;gif;jpg;jpeg;jpe;resx;tiff;tif;png;wav;mfcribbon-ms</Extensions>
    </Filter>
    <Filter Include="头文件\DataStructure">
      <UniqueIdentifier>{4a627d7f-5455-4d84-8ef5-f37537fc8809}</UniqueIdentifier>
    </Filter>
    <Filter Include="头文件\Engine">
      <UniqueIdentifier>{5def0abb-eabd-457c-8547-7089db356793}</UniqueIdentifier>
    </Filter>
    <Filter Include="源文件\Engine">
      <UniqueIdentifier>{163c763a-0c9f-41c0-87e9-5ca9e0d07b23}</UniqueIdentifier>
    </Filter>
  </ItemGroup>
  <ItemGroup>
    <ClInclude Include="pch.h">
      <Filter>头文件</Filter>
    </ClInclude>
    <ClInclude Include="List.h">
      <Filter>头文件\DataStructure</Filter>
    </ClInclude>
    <ClInclude Include="Vector.h">
      <Filter>头文件\DataStructure</Filter>
    </ClInclude>
    <ClInclude Include="engine_Graph.h">
      <Filter>头文件\Engine</Filter>
    </ClInclude>
    <ClInclude Include="resource.h">
      <Filter>头文件</Filter>
    </ClInclude>
    <ClInclude Include="engine_Plugin.h">
      <Filter>头文件\Engine</Filter>
    </ClInclude>
    <ClInclude Include="engine_BehaviourManager.h">
      <Filter>头文件\Engine</Filter>
    </ClInclude>
    <ClInclude Include="engine_Behaviour.h">
      <Filter>头文件\Engine</Filter>
    </ClInclude>
    <ClInclude Include="sunEngine.h">
      <Filter>头文件\Engine</Filter>
    </ClInclude>
    <ClInclude Include="sunEngine_Utility.h">
      <Filter>头文件\Engine</Filter>
    </ClInclude>
  </ItemGroup>
  <ItemGroup>
    <ClCompile Include="pch.cpp">
      <Filter>源文件</Filter>
    </ClCompile>
    <ClCompile Include="engine_Graph.cpp">
      <Filter>源文件\Engine</Filter>
    </ClCompile>
    <ClCompile Include="engine_BehaviourManager.cpp">
      <Filter>源文件\Engine</Filter>
    </ClCompile>
    <ClCompile Include="engine_Plugin.cpp">
      <Filter>源文件\Engine</Filter>
    </ClCompile>
    <ClCompile Include="engine_Behaviour.cpp">
      <Filter>源文件\Engine</Filter>
    </ClCompile>
    <ClCompile Include="sunEngine.cpp">
      <Filter>源文件\Engine</Filter>
    </ClCompile>
    <ClCompile Include="sunEngine_Utility.cpp">
      <Filter>源文件\Engine</Filter>
    </ClCompile>
  </ItemGroup>
  <ItemGroup>
    <ResourceCompile Include="TTT999.rc">
      <Filter>资源文件</Filter>
    </ResourceCompile>
  </ItemGroup>
  <ItemGroup>
    <None Include="packages.config" />
  </ItemGroup>
</Project>